
Microsoft Visual Studio Solution File, Format Version 12.00
# Visual Studio Version 17
VisualStudioVersion = 17.7.34024.191
MinimumVisualStudioVersion = 10.0.40219.1
Project("{FAE04EC0-301F-11D3-BF4B-00C04F79EFBC}") = "CQRS", "CQRS.csproj", "{D7BFD2BC-272A-4AB8-8226-8238F32D6497}"
EndProject
Global
	GlobalSection(SolutionConfigurationPlatforms) = preSolution
		Debug|Any CPU = Debug|Any CPU
		Release|Any CPU = Release|Any CPU
	EndGlobalSection
	GlobalSection(ProjectConfigurationPlatforms) = postSolution
		{D7BFD2BC-272A-4AB8-8226-8238F32D6497}.Debug|Any CPU.ActiveCfg = Debug|Any CPU
		{D7BFD2BC-272A-4AB8-8226-8238F32D6497}.Debug|Any CPU.Build.0 = Debug|Any CPU
		{D7BFD2BC-272A-4AB8-8226-8238F32D6497}.Release|Any CPU.ActiveCfg = Release|Any CPU
		{D7BFD2BC-272A-4AB8-8226-8238F32D6497}.Release|Any CPU.Build.0 = Release|Any CPU
	EndGlobalSection
	GlobalSection(SolutionProperties) = preSolution
		HideSolutionNode = FALSE
	EndGlobalSection
	GlobalSection(ExtensibilityGlobals) = postSolution
		SolutionGuid = {1FA56701-C855-4F32-A7F7-EEB6BBD13163}
	EndGlobalSection
EndGlobal
